github.com/J-Siu/go-basestruct v1.0.0 h1:Ge0PuVnkhbsEDDYkX7GI3ccL3ahrOnQsv4RXNBl2Q7M=
github.com/J-Siu/go-basestruct v1.0.0/go.mod h1:HDYO0KpE3MRbTFv4QvAS47USj+s1b2kftvPWq2hVJtA=
github.com/J-Siu/go-ezlog v1.0.0 h1:E+9miVqZBHQs72hLda5I15TXOYwGdgmrsnm3wTAQxTk=
github.com/J-Siu/go-ezlog v1.0.0/go.mod h1:l7IC00AuV5GeIgtrFyZhLTJjbaRBphV6sa9xPMwCZjU=
